
Microsoft Visual Studio Solution File, Format Version 12.00
# Visual Studio 15
VisualStudioVersion = 15.0.27130.2027
MinimumVisualStudioVersion = 10.0.40219.1
Project("{FAE04EC0-301F-11D3-BF4B-00C04F79EFBC}") = "chuloon", "chuloon\chuloon.csproj", "{465220B6-16F0-4689-BAB0-9BBB4EC9C847}"
EndProject
Global
	GlobalSection(SolutionConfigurationPlatforms) = preSolution
		Debug|Any CPU = Debug|Any CPU
		Release|Any CPU = Release|Any CPU
	EndGlobalSection
	GlobalSection(ProjectConfigurationPlatforms) = postSolution
		{465220B6-16F0-4689-BAB0-9BBB4EC9C847}.Debug|Any CPU.ActiveCfg = Debug|Any CPU
		{465220B6-16F0-4689-BAB0-9BBB4EC9C847}.Debug|Any CPU.Build.0 = Debug|Any CPU
		{465220B6-16F0-4689-BAB0-9BBB4EC9C847}.Release|Any CPU.ActiveCfg = Release|Any CPU
		{465220B6-16F0-4689-BAB0-9BBB4EC9C847}.Release|Any CPU.Build.0 = Release|Any CPU
	EndGlobalSection
	GlobalSection(SolutionProperties) = preSolution
		HideSolutionNode = FALSE
	EndGlobalSection
	GlobalSection(ExtensibilityGlobals) = postSolution
		SolutionGuid = {EA855C00-F84F-4AD6-B0E0-326ECF8245A6}
	EndGlobalSection
	GlobalSection(TeamFoundationVersionControl) = preSolution
		SccNumberOfProjects = 2
		SccEnterpriseProvider = {4CA58AB2-18FA-4F8D-95D4-32DDF27D184C}
		SccTeamFoundationServer = http://avi-tf-svr1:8080/tfs/defaultcollection
		SccLocalPath0 = .
		SccProjectUniqueName1 = chuloon\\chuloon.csproj
		SccProjectName1 = chuloon
		SccLocalPath1 = chuloon
	EndGlobalSection
EndGlobal
